
Microsoft Visual Studio Solution File, Format Version 11.00
# Visual Studio 2010
Project("{FAE04EC0-301F-11D3-BF4B-00C04F79EFBC}") = "Survival Shooter 1", "Assembly-CSharp.csproj", "{BAF42AB4-2CF7-5A1F-B563-D0CFCAECA941}"
EndProject
Project("{FAE04EC0-301F-11D3-BF4B-00C04F79EFBC}") = "Survival Shooter 1", "Assembly-CSharp-Editor.csproj", "{04ECD6BC-71DE-52A3-E0B6-195ECABAD8C0}"
EndProject
Global
	GlobalSection(SolutionConfigurationPlatforms) = preSolution
		Debug|Any CPU = Debug|Any CPU
		Release|Any CPU = Release|Any CPU
	EndGlobalSection
	GlobalSection(ProjectConfigurationPlatforms) = postSolution
		{BAF42AB4-2CF7-5A1F-B563-D0CFCAECA941}.Debug|Any CPU.ActiveCfg = Debug|Any CPU
		{BAF42AB4-2CF7-5A1F-B563-D0CFCAECA941}.Debug|Any CPU.Build.0 = Debug|Any CPU
		{BAF42AB4-2CF7-5A1F-B563-D0CFCAECA941}.Release|Any CPU.ActiveCfg = Release|Any CPU
		{BAF42AB4-2CF7-5A1F-B563-D0CFCAECA941}.Release|Any CPU.Build.0 = Release|Any CPU
		{04ECD6BC-71DE-52A3-E0B6-195ECABAD8C0}.Debug|Any CPU.ActiveCfg = Debug|Any CPU
		{04ECD6BC-71DE-52A3-E0B6-195ECABAD8C0}.Debug|Any CPU.Build.0 = Debug|Any CPU
		{04ECD6BC-71DE-52A3-E0B6-195ECABAD8C0}.Release|Any CPU.ActiveCfg = Release|Any CPU
		{04ECD6BC-71DE-52A3-E0B6-195ECABAD8C0}.Release|Any CPU.Build.0 = Release|Any CPU
	EndGlobalSection
	GlobalSection(SolutionProperties) = preSolution
		HideSolutionNode = FALSE
	EndGlobalSection
	GlobalSection(MonoDevelopProperties) = preSolution
		StartupItem = Assembly-CSharp.csproj
	EndGlobalSection
EndGlobal
